// !$*UTF8*$!
{
	archiveVersion = 1;
	classes = {
	};
	objectVersion = 56;
	objects = {

/* Begin PBXBuildFile section */
		E365516628F4838D00C1A4A9 /* AppDelegate.swift in Sources */ = {isa = PBXBuildFile; fileRef = E365516528F4838D00C1A4A9 /* AppDelegate.swift */; };
		E365516828F4838D00C1A4A9 /* SceneDelegate.swift in Sources */ = {isa = PBXBuildFile; fileRef = E365516728F4838D00C1A4A9 /* SceneDelegate.swift */; };
		E365516A28F4838D00C1A4A9 /* ViewController.swift in Sources */ = {isa = PBXBuildFile; fileRef = E365516928F4838D00C1A4A9 /* ViewController.swift */; };
		E365516D28F4838D00C1A4A9 /* Main.storyboard in Resources */ = {isa = PBXBuildFile; fileRef = E365516B28F4838D00C1A4A9 /* Main.storyboard */; };
		E365517028F4838D00C1A4A9 /* PairCoding.xcdatamodeld in Sources */ = {isa = PBXBuildFile; fileRef = E365516E28F4838D00C1A4A9 /* PairCoding.xcdatamodeld */; };
		E365517228F4838F00C1A4A9 /* Assets.xcassets in Resources */ = {isa = PBXBuildFile; fileRef = E365517128F4838F00C1A4A9 /* Assets.xcassets */; };
		E365517528F4838F00C1A4A9 /* LaunchScreen.storyboard in Resources */ = {isa = PBXBuildFile; fileRef = E365517328F4838F00C1A4A9 /* LaunchScreen.storyboard */; };
		E365518028F4838F00C1A4A9 /* PairCodingTests.swift in Sources */ = {isa = PBXBuildFile; fileRef = E365517F28F4838F00C1A4A9 /* PairCodingTests.swift */; };
		E365518A28F4838F00C1A4A9 /* PairCodingUITests.swift in Sources */ = {isa = PBXBuildFile; fileRef = E365518928F4838F00C1A4A9 /* PairCodingUITests.swift */; };
		E365518C28F4838F00C1A4A9 /* PairCodingUITestsLaunchTests.swift in Sources */ = {isa = PBXBuildFile; fileRef = E365518B28F4838F00C1A4A9 /* PairCodingUITestsLaunchTests.swift */; };
/* End PBXBuildFile section */

/* Begin PBXContainerItemProxy section */
		E365517C28F4838F00C1A4A9 /* PBXContainerItemProxy */ = {
			isa = PBXContainerItemProxy;
			containerPortal = E365515A28F4838D00C1A4A9 /* Project object */;
			proxyType = 1;
			remoteGlobalIDString = E365516128F4838D00C1A4A9;
			remoteInfo = PairCoding;
		};
		E365518628F4838F00C1A4A9 /* PBXContainerItemProxy */ = {
			isa = PBXContainerItemProxy;
			containerPortal = E365515A28F4838D00C1A4A9 /* Project object */;
			proxyType = 1;
			remoteGlobalIDString = E365516128F4838D00C1A4A9;
			remoteInfo = PairCoding;
		};
/* End PBXContainerItemProxy section */

/* Begin PBXFileReference section */
		E365516228F4838D00C1A4A9 /* PairCoding.app */ = {isa = PBXFileReference; explicitFileType = wrapper.application; includeInIndex = 0; path = PairCoding.app; sourceTree = BUILT_PRODUCTS_DIR; };
		E365516528F4838D00C1A4A9 /* AppDelegate.swift */ = {isa = PBXFileReference; lastKnownFileType = sourcecode.swift; path = AppDelegate.swift; sourceTree = "<group>"; };
		E365516728F4838D00C1A4A9 /* SceneDelegate.swift */ = {isa = PBXFileReference; lastKnownFileType = sourcecode.swift; path = SceneDelegate.swift; sourceTree = "<group>"; };
		E365516928F4838D00C1A4A9 /* ViewController.swift */ = {isa = PBXFileReference; lastKnownFileType = sourcecode.swift; path = ViewController.swift; sourceTree = "<group>"; };
		E365516C28F4838D00C1A4A9 /* Base */ = {isa = PBXFileReference; lastKnownFileType = file.storyboard; name = Base; path = Base.lproj/Main.storyboard; sourceTree = "<group>"; };
		E365516F28F4838D00C1A4A9 /* PairCoding.xcdatamodel */ = {isa = PBXFileReference; lastKnownFileType = wrapper.xcdatamodel; path = PairCoding.xcdatamodel; sourceTree = "<group>"; };
		E365517128F4838F00C1A4A9 /* Assets.xcassets */ = {isa = PBXFileReference; lastKnownFileType = folder.assetcatalog; path = Assets.xcassets; sourceTree = "<group>"; };
		E365517428F4838F00C1A4A9 /* Base */ = {isa = PBXFileReference; lastKnownFileType = file.storyboard; name = Base; path = Base.lproj/LaunchScreen.storyboard; sourceTree = "<group>"; };
		E365517628F4838F00C1A4A9 /* Info.plist */ = {isa = PBXFileReference; lastKnownFileType = text.plist.xml; path = Info.plist; sourceTree = "<group>"; };
		E365517B28F4838F00C1A4A9 /* PairCodingTests.xctest */ = {isa = PBXFileReference; explicitFileType = wrapper.cfbundle; includeInIndex = 0; path = PairCodingTests.xctest; sourceTree = BUILT_PRODUCTS_DIR; };
		E365517F28F4838F00C1A4A9 /* PairCodingTests.swift */ = {isa = PBXFileReference; lastKnownFileType = sourcecode.swift; path = PairCodingTests.swift; sourceTree = "<group>"; };
		E365518528F4838F00C1A4A9 /* PairCodingUITests.xctest */ = {isa = PBXFileReference; explicitFileType = wrapper.cfbundle; includeInIndex = 0; path = PairCodingUITests.xctest; sourceTree = BUILT_PRODUCTS_DIR; };
		E365518928F4838F00C1A4A9 /* PairCodingUITests.swift */ = {isa = PBXFileReference; lastKnownFileType = sourcecode.swift; path = PairCodingUITests.swift; sourceTree = "<group>"; };
		E365518B28F4838F00C1A4A9 /* PairCodingUITestsLaunchTests.swift */ = {isa = PBXFileReference; lastKnownFileType = sourcecode.swift; path = PairCodingUITestsLaunchTests.swift; sourceTree = "<group>"; };
/* End PBXFileReference section */

/* Begin PBXFrameworksBuildPhase section */
		E365515F28F4838D00C1A4A9 /* Frameworks */ = {
			isa = PBXFrameworksBuildPhase;
			buildActionMask = 2147483647;
			files = (
			);
			runOnlyForDeploymentPostprocessing = 0;
		};
		E365517828F4838F00C1A4A9 /* Frameworks */ = {
			isa = PBXFrameworksBuildPhase;
			buildActionMask = 2147483647;
			files = (
			);
			runOnlyForDeploymentPostprocessing = 0;
		};
		E365518228F4838F00C1A4A9 /* Frameworks */ = {
			isa = PBXFrameworksBuildPhase;
			buildActionMask = 2147483647;
			files = (
			);
			runOnlyForDeploymentPostprocessing = 0;
		};
/* End PBXFrameworksBuildPhase section */

/* Begin PBXGroup section */
		E365515928F4838D00C1A4A9 = {
			isa = PBXGroup;
			children = (
				E365516428F4838D00C1A4A9 /* PairCoding */,
				E365517E28F4838F00C1A4A9 /* PairCodingTests */,
				E365518828F4838F00C1A4A9 /* PairCodingUITests */,
				E365516328F4838D00C1A4A9 /* Products */,
			);
			sourceTree = "<group>";
		};
		E365516328F4838D00C1A4A9 /* Products */ = {
			isa = PBXGroup;
			children = (
				E365516228F4838D00C1A4A9 /* PairCoding.app */,
				E365517B28F4838F00C1A4A9 /* PairCodingTests.xctest */,
				E365518528F4838F00C1A4A9 /* PairCodingUITests.xctest */,
			);
			name = Products;
			sourceTree = "<group>";
		};
		E365516428F4838D00C1A4A9 /* PairCoding */ = {
			isa = PBXGroup;
			children = (
				E365516528F4838D00C1A4A9 /* AppDelegate.swift */,
				E365516728F4838D00C1A4A9 /* SceneDelegate.swift */,
				E365516928F4838D00C1A4A9 /* ViewController.swift */,
				E365516B28F4838D00C1A4A9 /* Main.storyboard */,
				E365517128F4838F00C1A4A9 /* Assets.xcassets */,
				E365517328F4838F00C1A4A9 /* LaunchScreen.storyboard */,
				E365517628F4838F00C1A4A9 /* Info.plist */,
				E365516E28F4838D00C1A4A9 /* PairCoding.xcdatamodeld */,
			);
			path = PairCoding;
			sourceTree = "<group>";
		};
		E365517E28F4838F00C1A4A9 /* PairCodingTests */ = {
			isa = PBXGroup;
			children = (
				E365517F28F4838F00C1A4A9 /* PairCodingTests.swift */,
			);
			path = PairCodingTests;
			sourceTree = "<group>";
		};
		E365518828F4838F00C1A4A9 /* PairCodingUITests */ = {
			isa = PBXGroup;
			children = (
				E365518928F4838F00C1A4A9 /* PairCodingUITests.swift */,
				E365518B28F4838F00C1A4A9 /* PairCodingUITestsLaunchTests.swift */,
			);
			path = PairCodingUITests;
			sourceTree = "<group>";
		};
/* End PBXGroup section */

/* Begin PBXNativeTarget section */
		E365516128F4838D00C1A4A9 /* PairCoding */ = {
			isa = PBXNativeTarget;
			buildConfigurationList = E365518F28F4838F00C1A4A9 /* Build configuration list for PBXNativeTarget "PairCoding" */;
			buildPhases = (
				E365515E28F4838D00C1A4A9 /* Sources */,
				E365515F28F4838D00C1A4A9 /* Frameworks */,
				E365516028F4838D00C1A4A9 /* Resources */,
			);
			buildRules = (
			);
			dependencies = (
			);
			name = PairCoding;
			productName = PairCoding;
			productReference = E365516228F4838D00C1A4A9 /* PairCoding.app */;
			productType = "com.apple.product-type.application";
		};
		E365517A28F4838F00C1A4A9 /* PairCodingTests */ = {
			isa = PBXNativeTarget;
			buildConfigurationList = E365519228F4838F00C1A4A9 /* Build configuration list for PBXNativeTarget "PairCodingTests" */;
			buildPhases = (
				E365517728F4838F00C1A4A9 /* Sources */,
				E365517828F4838F00C1A4A9 /* Frameworks */,
				E365517928F4838F00C1A4A9 /* Resources */,
			);
			buildRules = (
			);
			dependencies = (
				E365517D28F4838F00C1A4A9 /* PBXTargetDependency */,
			);
			name = PairCodingTests;
			productName = PairCodingTests;
			productReference = E365517B28F4838F00C1A4A9 /* PairCodingTests.xctest */;
			productType = "com.apple.product-type.bundle.unit-test";
		};
		E365518428F4838F00C1A4A9 /* PairCodingUITests */ = {
			isa = PBXNativeTarget;
			buildConfigurationList = E365519528F4838F00C1A4A9 /* Build configuration list for PBXNativeTarget "PairCodingUITests" */;
			buildPhases = (
				E365518128F4838F00C1A4A9 /* Sources */,
				E365518228F4838F00C1A4A9 /* Frameworks */,
				E365518328F4838F00C1A4A9 /* Resources */,
			);
			buildRules = (
			);
			dependencies = (
				E365518728F4838F00C1A4A9 /* PBXTargetDependency */,
			);
			name = PairCodingUITests;
			productName = PairCodingUITests;
			productReference = E365518528F4838F00C1A4A9 /* PairCodingUITests.xctest */;
			productType = "com.apple.product-type.bundle.ui-testing";
		};
/* End PBXNativeTarget section */

/* Begin PBXProject section */
		E365515A28F4838D00C1A4A9 /* Project object */ = {
			isa = PBXProject;
			attributes = {
				BuildIndependentTargetsInParallel = 1;
				LastSwiftUpdateCheck = 1400;
				LastUpgradeCheck = 1400;
				TargetAttributes = {
					E365516128F4838D00C1A4A9 = {
						CreatedOnToolsVersion = 14.0.1;
					};
					E365517A28F4838F00C1A4A9 = {
						CreatedOnToolsVersion = 14.0.1;
						TestTargetID = E365516128F4838D00C1A4A9;
					};
					E365518428F4838F00C1A4A9 = {
						CreatedOnToolsVersion = 14.0.1;
						TestTargetID = E365516128F4838D00C1A4A9;
					};
				};
			};
			buildConfigurationList = E365515D28F4838D00C1A4A9 /* Build configuration list for PBXProject "PairCoding" */;
			compatibilityVersion = "Xcode 14.0";
			developmentRegion = en;
			hasScannedForEncodings = 0;
			knownRegions = (
				en,
				Base,
			);
			mainGroup = E365515928F4838D00C1A4A9;
			productRefGroup = E365516328F4838D00C1A4A9 /* Products */;
			projectDirPath = "";
			projectRoot = "";
			targets = (
				E365516128F4838D00C1A4A9 /* PairCoding */,
				E365517A28F4838F00C1A4A9 /* PairCodingTests */,
				E365518428F4838F00C1A4A9 /* PairCodingUITests */,
			);
		};
/* End PBXProject section */

/* Begin PBXResourcesBuildPhase section */
		E365516028F4838D00C1A4A9 /* Resources */ = {
			isa = PBXResourcesBuildPhase;
			buildActionMask = 2147483647;
			files = (
				E365517528F4838F00C1A4A9 /* LaunchScreen.storyboard in Resources */,
				E365517228F4838F00C1A4A9 /* Assets.xcassets in Resources */,
				E365516D28F4838D00C1A4A9 /* Main.storyboard in Resources */,
			);
			runOnlyForDeploymentPostprocessing = 0;
		};
		E365517928F4838F00C1A4A9 /* Resources */ = {
			isa = PBXResourcesBuildPhase;
			buildActionMask = 2147483647;
			files = (
			);
			runOnlyForDeploymentPostprocessing = 0;
		};
		E365518328F4838F00C1A4A9 /* Resources */ = {
			isa = PBXResourcesBuildPhase;
			buildActionMask = 2147483647;
			files = (
			);
			runOnlyForDeploymentPostprocessing = 0;
		};
/* End PBXResourcesBuildPhase section */

/* Begin PBXSourcesBuildPhase section */
		E365515E28F4838D00C1A4A9 /* Sources */ = {
			isa = PBXSourcesBuildPhase;
			buildActionMask = 2147483647;
			files = (
				E365516A28F4838D00C1A4A9 /* ViewController.swift in Sources */,
				E365516628F4838D00C1A4A9 /* AppDelegate.swift in Sources */,
				E365516828F4838D00C1A4A9 /* SceneDelegate.swift in Sources */,
				E365517028F4838D00C1A4A9 /* PairCoding.xcdatamodeld in Sources */,
			);
			runOnlyForDeploymentPostprocessing = 0;
		};
		E365517728F4838F00C1A4A9 /* Sources */ = {
			isa = PBXSourcesBuildPhase;
			buildActionMask = 2147483647;
			files = (
				E365518028F4838F00C1A4A9 /* PairCodingTests.swift in Sources */,
			);
			runOnlyForDeploymentPostprocessing = 0;
		};
		E365518128F4838F00C1A4A9 /* Sources */ = {
			isa = PBXSourcesBuildPhase;
			buildActionMask = 2147483647;
			files = (
				E365518C28F4838F00C1A4A9 /* PairCodingUITestsLaunchTests.swift in Sources */,
				E365518A28F4838F00C1A4A9 /* PairCodingUITests.swift in Sources */,
			);
			runOnlyForDeploymentPostprocessing = 0;
		};
/* End PBXSourcesBuildPhase section */

/* Begin PBXTargetDependency section */
		E365517D28F4838F00C1A4A9 /* PBXTargetDependency */ = {
			isa = PBXTargetDependency;
			target = E365516128F4838D00C1A4A9 /* PairCoding */;
			targetProxy = E365517C28F4838F00C1A4A9 /* PBXContainerItemProxy */;
		};
		E365518728F4838F00C1A4A9 /* PBXTargetDependency */ = {
			isa = PBXTargetDependency;
			target = E365516128F4838D00C1A4A9 /* PairCoding */;
			targetProxy = E365518628F4838F00C1A4A9 /* PBXContainerItemProxy */;
		};
/* End PBXTargetDependency section */

/* Begin PBXVariantGroup section */
		E365516B28F4838D00C1A4A9 /* Main.storyboard */ = {
			isa = PBXVariantGroup;
			children = (
				E365516C28F4838D00C1A4A9 /* Base */,
			);
			name = Main.storyboard;
			sourceTree = "<group>";
		};
		E365517328F4838F00C1A4A9 /* LaunchScreen.storyboard */ = {
			isa = PBXVariantGroup;
			children = (
				E365517428F4838F00C1A4A9 /* Base */,
			);
			name = LaunchScreen.storyboard;
			sourceTree = "<group>";
		};
/* End PBXVariantGroup section */

/* Begin XCBuildConfiguration section */
		E365518D28F4838F00C1A4A9 /* Debug */ = {
			isa = XCBuildConfiguration;
			buildSettings = {
				ALWAYS_SEARCH_USER_PATHS = NO;
				CLANG_ANALYZER_NONNULL = YES;
				CLANG_ANALYZER_NUMBER_OBJECT_CONVERSION = YES_AGGRESSIVE;
				CLANG_CXX_LANGUAGE_STANDARD = "gnu++20";
				CLANG_ENABLE_MODULES = YES;
				CLANG_ENABLE_OBJC_ARC = YES;
				CLANG_ENABLE_OBJC_WEAK = YES;
				CLANG_WARN_BLOCK_CAPTURE_AUTORELEASING = YES;
				CLANG_WARN_BOOL_CONVERSION = YES;
				CLANG_WARN_COMMA = YES;
				CLANG_WARN_CONSTANT_CONVERSION = YES;
				CLANG_WARN_DEPRECATED_OBJC_IMPLEMENTATIONS = YES;
				CLANG_WARN_DIRECT_OBJC_ISA_USAGE = YES_ERROR;
				CLANG_WARN_DOCUMENTATION_COMMENTS = YES;
				CLANG_WARN_EMPTY_BODY = YES;
				CLANG_WARN_ENUM_CONVERSION = YES;
				CLANG_WARN_INFINITE_RECURSION = YES;
				CLANG_WARN_INT_CONVERSION = YES;
				CLANG_WARN_NON_LITERAL_NULL_CONVERSION = YES;
				CLANG_WARN_OBJC_IMPLICIT_RETAIN_SELF = YES;
				CLANG_WARN_OBJC_LITERAL_CONVERSION = YES;
				CLANG_WARN_OBJC_ROOT_CLASS = YES_ERROR;
				CLANG_WARN_QUOTED_INCLUDE_IN_FRAMEWORK_HEADER = YES;
				CLANG_WARN_RANGE_LOOP_ANALYSIS = YES;
				CLANG_WARN_STRICT_PROTOTYPES = YES;
				CLANG_WARN_SUSPICIOUS_MOVE = YES;
				CLANG_WARN_UNGUARDED_AVAILABILITY = YES_AGGRESSIVE;
				CLANG_WARN_UNREACHABLE_CODE = YES;
				CLANG_WARN__DUPLICATE_METHOD_MATCH = YES;
				COPY_PHASE_STRIP = NO;
				DEBUG_INFORMATION_FORMAT = dwarf;
				ENABLE_STRICT_OBJC_MSGSEND = YES;
				ENABLE_TESTABILITY = YES;
				GCC_C_LANGUAGE_STANDARD = gnu11;
				GCC_DYNAMIC_NO_PIC = NO;
				GCC_NO_COMMON_BLOCKS = YES;
				GCC_OPTIMIZATION_LEVEL = 0;
				GCC_PREPROCESSOR_DEFINITIONS = (
					"DEBUG=1",
					"$(inherited)",
				);
				GCC_WARN_64_TO_32_BIT_CONVERSION = YES;
				GCC_WARN_ABOUT_RETURN_TYPE = YES_ERROR;
				GCC_WARN_UNDECLARED_SELECTOR = YES;
				GCC_WARN_UNINITIALIZED_AUTOS = YES_AGGRESSIVE;
				GCC_WARN_UNUSED_FUNCTION = YES;
				GCC_WARN_UNUSED_VARIABLE = YES;
				IPHONEOS_DEPLOYMENT_TARGET = 16.0;
				MTL_ENABLE_DEBUG_INFO = INCLUDE_SOURCE;
				MTL_FAST_MATH = YES;
				ONLY_ACTIVE_ARCH = YES;
				SDKROOT = iphoneos;
				SWIFT_ACTIVE_COMPILATION_CONDITIONS = DEBUG;
				SWIFT_OPTIMIZATION_LEVEL = "-Onone";
			};
			name = Debug;
		};
		E365518E28F4838F00C1A4A9 /* Release */ = {
			isa = XCBuildConfiguration;
			buildSettings = {
				ALWAYS_SEARCH_USER_PATHS = NO;
				CLANG_ANALYZER_NONNULL = YES;
				CLANG_ANALYZER_NUMBER_OBJECT_CONVERSION = YES_AGGRESSIVE;
				CLANG_CXX_LANGUAGE_STANDARD = "gnu++20";
				CLANG_ENABLE_MODULES = YES;
				CLANG_ENABLE_OBJC_ARC = YES;
				CLANG_ENABLE_OBJC_WEAK = YES;
				CLANG_WARN_BLOCK_CAPTURE_AUTORELEASING = YES;
				CLANG_WARN_BOOL_CONVERSION = YES;
				CLANG_WARN_COMMA = YES;
				CLANG_WARN_CONSTANT_CONVERSION = YES;
				CLANG_WARN_DEPRECATED_OBJC_IMPLEMENTATIONS = YES;
				CLANG_WARN_DIRECT_OBJC_ISA_USAGE = YES_ERROR;
				CLANG_WARN_DOCUMENTATION_COMMENTS = YES;
				CLANG_WARN_EMPTY_BODY = YES;
				CLANG_WARN_ENUM_CONVERSION = YES;
				CLANG_WARN_INFINITE_RECURSION = YES;
				CLANG_WARN_INT_CONVERSION = YES;
				CLANG_WARN_NON_LITERAL_NULL_CONVERSION = YES;
				CLANG_WARN_OBJC_IMPLICIT_RETAIN_SELF = YES;
				CLANG_WARN_OBJC_LITERAL_CONVERSION = YES;
				CLANG_WARN_OBJC_ROOT_CLASS = YES_ERROR;
				CLANG_WARN_QUOTED_INCLUDE_IN_FRAMEWORK_HEADER = YES;
				CLANG_WARN_RANGE_LOOP_ANALYSIS = YES;
				CLANG_WARN_STRICT_PROTOTYPES = YES;
				CLANG_WARN_SUSPICIOUS_MOVE = YES;
				CLANG_WARN_UNGUARDED_AVAILABILITY = YES_AGGRESSIVE;
				CLANG_WARN_UNREACHABLE_CODE = YES;
				CLANG_WARN__DUPLICATE_METHOD_MATCH = YES;
				COPY_PHASE_STRIP = NO;
				DEBUG_INFORMATION_FORMAT = "dwarf-with-dsym";
				ENABLE_NS_ASSERTIONS = NO;
				ENABLE_STRICT_OBJC_MSGSEND = YES;
				GCC_C_LANGUAGE_STANDARD = gnu11;
				GCC_NO_COMMON_BLOCKS = YES;
				GCC_WARN_64_TO_32_BIT_CONVERSION = YES;
				GCC_WARN_ABOUT_RETURN_TYPE = YES_ERROR;
				GCC_WARN_UNDECLARED_SELECTOR = YES;
				GCC_WARN_UNINITIALIZED_AUTOS = YES_AGGRESSIVE;
				GCC_WARN_UNUSED_FUNCTION = YES;
				GCC_WARN_UNUSED_VARIABLE = YES;
				IPHONEOS_DEPLOYMENT_TARGET = 16.0;
				MTL_ENABLE_DEBUG_INFO = NO;
				MTL_FAST_MATH = YES;
				SDKROOT = iphoneos;
				SWIFT_COMPILATION_MODE = wholemodule;
				SWIFT_OPTIMIZATION_LEVEL = "-O";
				VALIDATE_PRODUCT = YES;
			};
			name = Release;
		};
		E365519028F4838F00C1A4A9 /* Debug */ = {
			isa = XCBuildConfiguration;
			buildSettings = {
				ASSETCATALOG_COMPILER_APPICON_NAME = AppIcon;
				ASSETCATALOG_COMPILER_GLOBAL_ACCENT_COLOR_NAME = AccentColor;
				CODE_SIGN_STYLE = Automatic;
				CURRENT_PROJECT_VERSION = 1;
				DEVELOPMENT_TEAM = F37SV3YREA;
				GENERATE_INFOPLIST_FILE = YES;
				INFOPLIST_FILE = PairCoding/Info.plist;
				INFOPLIST_KEY_UIApplicationSupportsIndirectInputEvents = YES;
				INFOPLIST_KEY_UILaunchStoryboardName = LaunchScreen;
				INFOPLIST_KEY_UIMainStoryboardFile = Main;
				INFOPLIST_KEY_UISupportedInterfaceOrientations_iPad = "UIInterfaceOrientationPortrait UIInterfaceOrientationPortraitUpsideDown UIInterfaceOrientationLandscapeLeft UIInterfaceOrientationLandscapeRight";
				INFOPLIST_KEY_UISupportedInterfaceOrientations_iPhone = "UIInterfaceOrientationPortrait UIInterfaceOrientationLandscapeLeft UIInterfaceOrientationLandscapeRight";
				LD_RUNPATH_SEARCH_PATHS = (
					"$(inherited)",
					"@executable_path/Frameworks",
				);
				MARKETING_VERSION = 1.0;
				PRODUCT_BUNDLE_IDENTIFIER = VladKorshko.PairCoding;
				PRODUCT_NAME = "$(TARGET_NAME)";
				SWIFT_EMIT_LOC_STRINGS = YES;
				SWIFT_VERSION = 5.0;
				TARGETED_DEVICE_FAMILY = "1,2";
			};
			name = Debug;
		};
		E365519128F4838F00C1A4A9 /* Release */ = {
			isa = XCBuildConfiguration;
			buildSettings = {
				ASSETCATALOG_COMPILER_APPICON_NAME = AppIcon;
				ASSETCATALOG_COMPILER_GLOBAL_ACCENT_COLOR_NAME = AccentColor;
				CODE_SIGN_STYLE = Automatic;
				CURRENT_PROJECT_VERSION = 1;
				DEVELOPMENT_TEAM = F37SV3YREA;
				GENERATE_INFOPLIST_FILE = YES;
				INFOPLIST_FILE = PairCoding/Info.plist;
				INFOPLIST_KEY_UIApplicationSupportsIndirectInputEvents = YES;
				INFOPLIST_KEY_UILaunchStoryboardName = LaunchScreen;
				INFOPLIST_KEY_UIMainStoryboardFile = Main;
				INFOPLIST_KEY_UISupportedInterfaceOrientations_iPad = "UIInterfaceOrientationPortrait UIInterfaceOrientationPortraitUpsideDown UIInterfaceOrientationLandscapeLeft UIInterfaceOrientationLandscapeRight";
				INFOPLIST_KEY_UISupportedInterfaceOrientations_iPhone = "UIInterfaceOrientationPortrait UIInterfaceOrientationLandscapeLeft UIInterfaceOrientationLandscapeRight";
				LD_RUNPATH_SEARCH_PATHS = (
					"$(inherited)",
					"@executable_path/Frameworks",
				);
				MARKETING_VERSION = 1.0;
				PRODUCT_BUNDLE_IDENTIFIER = VladKorshko.PairCoding;
				PRODUCT_NAME = "$(TARGET_NAME)";
				SWIFT_EMIT_LOC_STRINGS = YES;
				SWIFT_VERSION = 5.0;
				TARGETED_DEVICE_FAMILY = "1,2";
			};
			name = Release;
		};
		E365519328F4838F00C1A4A9 /* Debug */ = {
			isa = XCBuildConfiguration;
			buildSettings = {
				ALWAYS_EMBED_SWIFT_STANDARD_LIBRARIES = YES;
				BUNDLE_LOADER = "$(TEST_HOST)";
				CODE_SIGN_STYLE = Automatic;
				CURRENT_PROJECT_VERSION = 1;
				DEVELOPMENT_TEAM = F37SV3YREA;
				GENERATE_INFOPLIST_FILE = YES;
				IPHONEOS_DEPLOYMENT_TARGET = 16.0;
				MARKETING_VERSION = 1.0;
				PRODUCT_BUNDLE_IDENTIFIER = VladKorshko.PairCodingTests;
				PRODUCT_NAME = "$(TARGET_NAME)";
				SWIFT_EMIT_LOC_STRINGS = NO;
				SWIFT_VERSION = 5.0;
				TARGETED_DEVICE_FAMILY = "1,2";
				TEST_HOST = "$(BUILT_PRODUCTS_DIR)/PairCoding.app/$(BUNDLE_EXECUTABLE_FOLDER_PATH)/PairCoding";
			};
			name = Debug;
		};
		E365519428F4838F00C1A4A9 /* Release */ = {
			isa = XCBuildConfiguration;
			buildSettings = {
				ALWAYS_EMBED_SWIFT_STANDARD_LIBRARIES = YES;
				BUNDLE_LOADER = "$(TEST_HOST)";
				CODE_SIGN_STYLE = Automatic;
				CURRENT_PROJECT_VERSION = 1;
				DEVELOPMENT_TEAM = F37SV3YREA;
				GENERATE_INFOPLIST_FILE = YES;
				IPHONEOS_DEPLOYMENT_TARGET = 16.0;
				MARKETING_VERSION = 1.0;
				PRODUCT_BUNDLE_IDENTIFIER = VladKorshko.PairCodingTests;
				PRODUCT_NAME = "$(TARGET_NAME)";
				SWIFT_EMIT_LOC_STRINGS = NO;
				SWIFT_VERSION = 5.0;
				TARGETED_DEVICE_FAMILY = "1,2";
				TEST_HOST = "$(BUILT_PRODUCTS_DIR)/PairCoding.app/$(BUNDLE_EXECUTABLE_FOLDER_PATH)/PairCoding";
			};
			name = Release;
		};
		E365519628F4838F00C1A4A9 /* Debug */ = {
			isa = XCBuildConfiguration;
			buildSettings = {
				ALWAYS_EMBED_SWIFT_STANDARD_LIBRARIES = YES;
				CODE_SIGN_STYLE = Automatic;
				CURRENT_PROJECT_VERSION = 1;
				DEVELOPMENT_TEAM = F37SV3YREA;
				GENERATE_INFOPLIST_FILE = YES;
				MARKETING_VERSION = 1.0;
				PRODUCT_BUNDLE_IDENTIFIER = VladKorshko.PairCodingUITests;
				PRODUCT_NAME = "$(TARGET_NAME)";
				SWIFT_EMIT_LOC_STRINGS = NO;
				SWIFT_VERSION = 5.0;
				TARGETED_DEVICE_FAMILY = "1,2";
				TEST_TARGET_NAME = PairCoding;
			};
			name = Debug;
		};
		E365519728F4838F00C1A4A9 /* Release */ = {
			isa = XCBuildConfiguration;
			buildSettings = {
				ALWAYS_EMBED_SWIFT_STANDARD_LIBRARIES = YES;
				CODE_SIGN_STYLE = Automatic;
				CURRENT_PROJECT_VERSION = 1;
				DEVELOPMENT_TEAM = F37SV3YREA;
				GENERATE_INFOPLIST_FILE = YES;
				MARKETING_VERSION = 1.0;
				PRODUCT_BUNDLE_IDENTIFIER = VladKorshko.PairCodingUITests;
				PRODUCT_NAME = "$(TARGET_NAME)";
				SWIFT_EMIT_LOC_STRINGS = NO;
				SWIFT_VERSION = 5.0;
				TARGETED_DEVICE_FAMILY = "1,2";
				TEST_TARGET_NAME = PairCoding;
			};
			name = Release;
		};
/* End XCBuildConfiguration section */

/* Begin XCConfigurationList section */
		E365515D28F4838D00C1A4A9 /* Build configuration list for PBXProject "PairCoding" */ = {
			isa = XCConfigurationList;
			buildConfigurations = (
				E365518D28F4838F00C1A4A9 /* Debug */,
				E365518E28F4838F00C1A4A9 /* Release */,
			);
			defaultConfigurationIsVisible = 0;
			defaultConfigurationName = Release;
		};
		E365518F28F4838F00C1A4A9 /* Build configuration list for PBXNativeTarget "PairCoding" */ = {
			isa = XCConfigurationList;
			buildConfigurations = (
				E365519028F4838F00C1A4A9 /* Debug */,
				E365519128F4838F00C1A4A9 /* Release */,
			);
			defaultConfigurationIsVisible = 0;
			defaultConfigurationName = Release;
		};
		E365519228F4838F00C1A4A9 /* Build configuration list for PBXNativeTarget "PairCodingTests" */ = {
			isa = XCConfigurationList;
			buildConfigurations = (
				E365519328F4838F00C1A4A9 /* Debug */,
				E365519428F4838F00C1A4A9 /* Release */,
			);
			defaultConfigurationIsVisible = 0;
			defaultConfigurationName = Release;
		};
		E365519528F4838F00C1A4A9 /* Build configuration list for PBXNativeTarget "PairCodingUITests" */ = {
			isa = XCConfigurationList;
			buildConfigurations = (
				E365519628F4838F00C1A4A9 /* Debug */,
				E365519728F4838F00C1A4A9 /* Release */,
			);
			defaultConfigurationIsVisible = 0;
			defaultConfigurationName = Release;
		};
/* End XCConfigurationList section */

/* Begin XCVersionGroup section */
		E365516E28F4838D00C1A4A9 /* PairCoding.xcdatamodeld */ = {
			isa = XCVersionGroup;
			children = (
				E365516F28F4838D00C1A4A9 /* PairCoding.xcdatamodel */,
			);
			currentVersion = E365516F28F4838D00C1A4A9 /* PairCoding.xcdatamodel */;
			path = PairCoding.xcdatamodeld;
			sourceTree = "<group>";
			versionGroupType = wrapper.xcdatamodel;
		};
/* End XCVersionGroup section */
	};
	rootObject = E365515A28F4838D00C1A4A9 /* Project object */;
}
